
Microsoft Visual Studio Solution File, Format Version 12.00
# Visual Studio Version 17
VisualStudioVersion = 17.0.31903.59
MinimumVisualStudioVersion = 10.0.40219.1
Project("{2150E333-8FDC-42A3-9474-1A3956D46DE8}") = "src", "src", "{827E0CD3-B72D-47B6-A68D-7590B98EB39B}"
EndProject
Project("{FAE04EC0-301F-11D3-BF4B-00C04F79EFBC}") = "Taba.LocalAgent.Core", "src\Taba.LocalAgent.Core\Taba.LocalAgent.Core.csproj", "{1E09D0AC-A7DA-4ED7-ABBE-832D89F6E414}"
EndProject
Project("{FAE04EC0-301F-11D3-BF4B-00C04F79EFBC}") = "Taba.LocalAgent", "src\Taba.LocalAgent\Taba.LocalAgent.csproj", "{C0F89AA2-4993-436F-A3AE-08430BC0CE86}"
EndProject
Project("{2150E333-8FDC-42A3-9474-1A3956D46DE8}") = "tests", "tests", "{0AB3BF05-4346-4AA6-1389-037BE0695223}"
EndProject
Project("{FAE04EC0-301F-11D3-BF4B-00C04F79EFBC}") = "Taba.LocalAgent.Tests", "tests\Taba.LocalAgent.Tests\Taba.LocalAgent.Tests.csproj", "{B64E53F9-1F3A-4B2E-B8FF-2566CF8B6EFA}"
EndProject
Global
	GlobalSection(SolutionConfigurationPlatforms) = preSolution
		Debug|Any CPU = Debug|Any CPU
		Debug|x64 = Debug|x64
		Debug|x86 = Debug|x86
		Release|Any CPU = Release|Any CPU
		Release|x64 = Release|x64
		Release|x86 = Release|x86
	EndGlobalSection
	GlobalSection(ProjectConfigurationPlatforms) = postSolution
		{1E09D0AC-A7DA-4ED7-ABBE-832D89F6E414}.Debug|Any CPU.ActiveCfg = Debug|Any CPU
		{1E09D0AC-A7DA-4ED7-ABBE-832D89F6E414}.Debug|Any CPU.Build.0 = Debug|Any CPU
		{1E09D0AC-A7DA-4ED7-ABBE-832D89F6E414}.Debug|x64.ActiveCfg = Debug|Any CPU
		{1E09D0AC-A7DA-4ED7-ABBE-832D89F6E414}.Debug|x64.Build.0 = Debug|Any CPU
		{1E09D0AC-A7DA-4ED7-ABBE-832D89F6E414}.Debug|x86.ActiveCfg = Debug|Any CPU
		{1E09D0AC-A7DA-4ED7-ABBE-832D89F6E414}.Debug|x86.Build.0 = Debug|Any CPU
		{1E09D0AC-A7DA-4ED7-ABBE-832D89F6E414}.Release|Any CPU.ActiveCfg = Release|Any CPU
		{1E09D0AC-A7DA-4ED7-ABBE-832D89F6E414}.Release|Any CPU.Build.0 = Release|Any CPU
		{1E09D0AC-A7DA-4ED7-ABBE-832D89F6E414}.Release|x64.ActiveCfg = Release|Any CPU
		{1E09D0AC-A7DA-4ED7-ABBE-832D89F6E414}.Release|x64.Build.0 = Release|Any CPU
		{1E09D0AC-A7DA-4ED7-ABBE-832D89F6E414}.Release|x86.ActiveCfg = Release|Any CPU
		{1E09D0AC-A7DA-4ED7-ABBE-832D89F6E414}.Release|x86.Build.0 = Release|Any CPU
		{C0F89AA2-4993-436F-A3AE-08430BC0CE86}.Debug|Any CPU.ActiveCfg = Debug|Any CPU
		{C0F89AA2-4993-436F-A3AE-08430BC0CE86}.Debug|Any CPU.Build.0 = Debug|Any CPU
		{C0F89AA2-4993-436F-A3AE-08430BC0CE86}.Debug|x64.ActiveCfg = Debug|Any CPU
		{C0F89AA2-4993-436F-A3AE-08430BC0CE86}.Debug|x64.Build.0 = Debug|Any CPU
		{C0F89AA2-4993-436F-A3AE-08430BC0CE86}.Debug|x86.ActiveCfg = Debug|Any CPU
		{C0F89AA2-4993-436F-A3AE-08430BC0CE86}.Debug|x86.Build.0 = Debug|Any CPU
		{C0F89AA2-4993-436F-A3AE-08430BC0CE86}.Release|Any CPU.ActiveCfg = Release|Any CPU
		{C0F89AA2-4993-436F-A3AE-08430BC0CE86}.Release|Any CPU.Build.0 = Release|Any CPU
		{C0F89AA2-4993-436F-A3AE-08430BC0CE86}.Release|x64.ActiveCfg = Release|Any CPU
		{C0F89AA2-4993-436F-A3AE-08430BC0CE86}.Release|x64.Build.0 = Release|Any CPU
		{C0F89AA2-4993-436F-A3AE-08430BC0CE86}.Release|x86.ActiveCfg = Release|Any CPU
		{C0F89AA2-4993-436F-A3AE-08430BC0CE86}.Release|x86.Build.0 = Release|Any CPU
		{B64E53F9-1F3A-4B2E-B8FF-2566CF8B6EFA}.Debug|Any CPU.ActiveCfg = Debug|Any CPU
		{B64E53F9-1F3A-4B2E-B8FF-2566CF8B6EFA}.Debug|Any CPU.Build.0 = Debug|Any CPU
		{B64E53F9-1F3A-4B2E-B8FF-2566CF8B6EFA}.Debug|x64.ActiveCfg = Debug|Any CPU
		{B64E53F9-1F3A-4B2E-B8FF-2566CF8B6EFA}.Debug|x64.Build.0 = Debug|Any CPU
		{B64E53F9-1F3A-4B2E-B8FF-2566CF8B6EFA}.Debug|x86.ActiveCfg = Debug|Any CPU
		{B64E53F9-1F3A-4B2E-B8FF-2566CF8B6EFA}.Debug|x86.Build.0 = Debug|Any CPU
		{B64E53F9-1F3A-4B2E-B8FF-2566CF8B6EFA}.Release|Any CPU.ActiveCfg = Release|Any CPU
		{B64E53F9-1F3A-4B2E-B8FF-2566CF8B6EFA}.Release|Any CPU.Build.0 = Release|Any CPU
		{B64E53F9-1F3A-4B2E-B8FF-2566CF8B6EFA}.Release|x64.ActiveCfg = Release|Any CPU
		{B64E53F9-1F3A-4B2E-B8FF-2566CF8B6EFA}.Release|x64.Build.0 = Release|Any CPU
		{B64E53F9-1F3A-4B2E-B8FF-2566CF8B6EFA}.Release|x86.ActiveCfg = Release|Any CPU
		{B64E53F9-1F3A-4B2E-B8FF-2566CF8B6EFA}.Release|x86.Build.0 = Release|Any CPU
	EndGlobalSection
	GlobalSection(SolutionProperties) = preSolution
		HideSolutionNode = FALSE
	EndGlobalSection
	GlobalSection(NestedProjects) = preSolution
		{1E09D0AC-A7DA-4ED7-ABBE-832D89F6E414} = {827E0CD3-B72D-47B6-A68D-7590B98EB39B}
		{C0F89AA2-4993-436F-A3AE-08430BC0CE86} = {827E0CD3-B72D-47B6-A68D-7590B98EB39B}
		{B64E53F9-1F3A-4B2E-B8FF-2566CF8B6EFA} = {0AB3BF05-4346-4AA6-1389-037BE0695223}
	EndGlobalSection
EndGlobal
